
Microsoft Visual Studio Solution File, Format Version 12.00
# Visual Studio Version 17
VisualStudioVersion = 17.3.32929.385
MinimumVisualStudioVersion = 10.0.40219.1
Project("{FAE04EC0-301F-11D3-BF4B-00C04F79EFBC}") = "ConsoleApp7", "ConsoleApp7.csproj", "{8516A1FC-AD08-4D94-9169-D8DF6C05F80C}"
EndProject
Global
	GlobalSection(SolutionConfigurationPlatforms) = preSolution
		Debug|Any CPU = Debug|Any CPU
		Release|Any CPU = Release|Any CPU
	EndGlobalSection
	GlobalSection(ProjectConfigurationPlatforms) = postSolution
		{8516A1FC-AD08-4D94-9169-D8DF6C05F80C}.Debug|Any CPU.ActiveCfg = Debug|Any CPU
		{8516A1FC-AD08-4D94-9169-D8DF6C05F80C}.Debug|Any CPU.Build.0 = Debug|Any CPU
		{8516A1FC-AD08-4D94-9169-D8DF6C05F80C}.Release|Any CPU.ActiveCfg = Release|Any CPU
		{8516A1FC-AD08-4D94-9169-D8DF6C05F80C}.Release|Any CPU.Build.0 = Release|Any CPU
	EndGlobalSection
	GlobalSection(SolutionProperties) = preSolution
		HideSolutionNode = FALSE
	EndGlobalSection
	GlobalSection(ExtensibilityGlobals) = postSolution
		SolutionGuid = {41F3318E-83D6-4370-8746-9C13F428FDC3}
	EndGlobalSection
EndGlobal
